
Microsoft Visual Studio Solution File, Format Version 12.00
# Visual Studio 14
VisualStudioVersion = 14.0.24720.0
MinimumVisualStudioVersion = 10.0.40219.1
Project("{FAE04EC0-301F-11D3-BF4B-00C04F79EFBC}") = "BusinessLogicLayer", "BusinessLogicLayer\BusinessLogicLayer.csproj", "{5B895C70-E63D-4B46-AB5D-6726DCEB0F19}"
EndProject
Project("{FAE04EC0-301F-11D3-BF4B-00C04F79EFBC}") = "DatabaseAcessLayer", "DatabaseAcessLayer\DatabaseAcessLayer.csproj", "{4523A0B0-8CB7-4E84-A702-0056F09CC933}"
EndProject
Project("{FAE04EC0-301F-11D3-BF4B-00C04F79EFBC}") = "PresentationLayer", "PresentationLayer\PresentationLayer.csproj", "{EC2CF223-33E5-460C-B456-1ED60B427A48}"
EndProject
Global
	GlobalSection(SolutionConfigurationPlatforms) = preSolution
		CD_ROM|Any CPU = CD_ROM|Any CPU
		Debug|Any CPU = Debug|Any CPU
		DVD-5|Any CPU = DVD-5|Any CPU
		Release|Any CPU = Release|Any CPU
		SingleImage|Any CPU = SingleImage|Any CPU
	EndGlobalSection
	GlobalSection(ProjectConfigurationPlatforms) = postSolution
		{5B895C70-E63D-4B46-AB5D-6726DCEB0F19}.CD_ROM|Any CPU.ActiveCfg = Release|Any CPU
		{5B895C70-E63D-4B46-AB5D-6726DCEB0F19}.CD_ROM|Any CPU.Build.0 = Release|Any CPU
		{5B895C70-E63D-4B46-AB5D-6726DCEB0F19}.Debug|Any CPU.ActiveCfg = Debug|Any CPU
		{5B895C70-E63D-4B46-AB5D-6726DCEB0F19}.Debug|Any CPU.Build.0 = Debug|Any CPU
		{5B895C70-E63D-4B46-AB5D-6726DCEB0F19}.DVD-5|Any CPU.ActiveCfg = Debug|Any CPU
		{5B895C70-E63D-4B46-AB5D-6726DCEB0F19}.DVD-5|Any CPU.Build.0 = Debug|Any CPU
		{5B895C70-E63D-4B46-AB5D-6726DCEB0F19}.Release|Any CPU.ActiveCfg = Release|Any CPU
		{5B895C70-E63D-4B46-AB5D-6726DCEB0F19}.Release|Any CPU.Build.0 = Release|Any CPU
		{5B895C70-E63D-4B46-AB5D-6726DCEB0F19}.SingleImage|Any CPU.ActiveCfg = Release|Any CPU
		{5B895C70-E63D-4B46-AB5D-6726DCEB0F19}.SingleImage|Any CPU.Build.0 = Release|Any CPU
		{4523A0B0-8CB7-4E84-A702-0056F09CC933}.CD_ROM|Any CPU.ActiveCfg = Release|Any CPU
		{4523A0B0-8CB7-4E84-A702-0056F09CC933}.CD_ROM|Any CPU.Build.0 = Release|Any CPU
		{4523A0B0-8CB7-4E84-A702-0056F09CC933}.Debug|Any CPU.ActiveCfg = Debug|Any CPU
		{4523A0B0-8CB7-4E84-A702-0056F09CC933}.Debug|Any CPU.Build.0 = Debug|Any CPU
		{4523A0B0-8CB7-4E84-A702-0056F09CC933}.DVD-5|Any CPU.ActiveCfg = Debug|Any CPU
		{4523A0B0-8CB7-4E84-A702-0056F09CC933}.DVD-5|Any CPU.Build.0 = Debug|Any CPU
		{4523A0B0-8CB7-4E84-A702-0056F09CC933}.Release|Any CPU.ActiveCfg = Release|Any CPU
		{4523A0B0-8CB7-4E84-A702-0056F09CC933}.Release|Any CPU.Build.0 = Release|Any CPU
		{4523A0B0-8CB7-4E84-A702-0056F09CC933}.SingleImage|Any CPU.ActiveCfg = Release|Any CPU
		{4523A0B0-8CB7-4E84-A702-0056F09CC933}.SingleImage|Any CPU.Build.0 = Release|Any CPU
		{EC2CF223-33E5-460C-B456-1ED60B427A48}.CD_ROM|Any CPU.ActiveCfg = Release|Any CPU
		{EC2CF223-33E5-460C-B456-1ED60B427A48}.CD_ROM|Any CPU.Build.0 = Release|Any CPU
		{EC2CF223-33E5-460C-B456-1ED60B427A48}.Debug|Any CPU.ActiveCfg = Debug|Any CPU
		{EC2CF223-33E5-460C-B456-1ED60B427A48}.Debug|Any CPU.Build.0 = Debug|Any CPU
		{EC2CF223-33E5-460C-B456-1ED60B427A48}.DVD-5|Any CPU.ActiveCfg = Debug|Any CPU
		{EC2CF223-33E5-460C-B456-1ED60B427A48}.DVD-5|Any CPU.Build.0 = Debug|Any CPU
		{EC2CF223-33E5-460C-B456-1ED60B427A48}.Release|Any CPU.ActiveCfg = Release|Any CPU
		{EC2CF223-33E5-460C-B456-1ED60B427A48}.Release|Any CPU.Build.0 = Release|Any CPU
		{EC2CF223-33E5-460C-B456-1ED60B427A48}.SingleImage|Any CPU.ActiveCfg = Release|Any CPU
		{EC2CF223-33E5-460C-B456-1ED60B427A48}.SingleImage|Any CPU.Build.0 = Release|Any CPU
	EndGlobalSection
	GlobalSection(SolutionProperties) = preSolution
		HideSolutionNode = FALSE
	EndGlobalSection
EndGlobal
